// !$*UTF8*$!
{
	archiveVersion = 1;
	classes = {
	};
	objectVersion = 56;
	objects = {

/* Begin PBXBuildFile section */
		291A53B729271A6A009FFD7D /* DiscoverView.swift in Sources */ = {isa = PBXBuildFile; fileRef = 291A53B629271A6A009FFD7D /* DiscoverView.swift */; };
		291A53C129271B69009FFD7D /* OnboardingViewModel.swift in Sources */ = {isa = PBXBuildFile; fileRef = 291A53BB29271B69009FFD7D /* OnboardingViewModel.swift */; };
		291A53C229271B69009FFD7D /* Page.swift in Sources */ = {isa = PBXBuildFile; fileRef = 291A53BC29271B69009FFD7D /* Page.swift */; };
		291A53C329271B69009FFD7D /* PageView.swift in Sources */ = {isa = PBXBuildFile; fileRef = 291A53BD29271B69009FFD7D /* PageView.swift */; };
		291A53C429271B69009FFD7D /* DummyData.swift in Sources */ = {isa = PBXBuildFile; fileRef = 291A53BE29271B69009FFD7D /* DummyData.swift */; };
		291A53C529271B69009FFD7D /* OnboardingArrowView.swift in Sources */ = {isa = PBXBuildFile; fileRef = 291A53BF29271B69009FFD7D /* OnboardingArrowView.swift */; };
		291A53C629271B69009FFD7D /* MainOnboardingView.swift in Sources */ = {isa = PBXBuildFile; fileRef = 291A53C029271B69009FFD7D /* MainOnboardingView.swift */; };
		291A53CA2927202D009FFD7D /* SnapchatDataFetcher.swift in Sources */ = {isa = PBXBuildFile; fileRef = 291A53C92927202D009FFD7D /* SnapchatDataFetcher.swift */; };
		296C077A29284FFA00B5FFD8 /* GoogleService-Info.plist in Resources */ = {isa = PBXBuildFile; fileRef = 296C077929284FFA00B5FFD8 /* GoogleService-Info.plist */; };
		296C077D292852A700B5FFD8 /* FirebaseAnalytics in Frameworks */ = {isa = PBXBuildFile; productRef = 296C077C292852A700B5FFD8 /* FirebaseAnalytics */; };
		296C077F292852A700B5FFD8 /* FirebaseAuth in Frameworks */ = {isa = PBXBuildFile; productRef = 296C077E292852A700B5FFD8 /* FirebaseAuth */; };
		296C0781292852A700B5FFD8 /* FirebaseCrashlytics in Frameworks */ = {isa = PBXBuildFile; productRef = 296C0780292852A700B5FFD8 /* FirebaseCrashlytics */; };
		296C0783292852A700B5FFD8 /* FirebaseDatabase in Frameworks */ = {isa = PBXBuildFile; productRef = 296C0782292852A700B5FFD8 /* FirebaseDatabase */; };
		296C0785292852A700B5FFD8 /* FirebaseFirestore in Frameworks */ = {isa = PBXBuildFile; productRef = 296C0784292852A700B5FFD8 /* FirebaseFirestore */; };
		296C07872928675000B5FFD8 /* DatabaseManager.swift in Sources */ = {isa = PBXBuildFile; fileRef = 296C07862928675000B5FFD8 /* DatabaseManager.swift */; };
		296C078A29286FCF00B5FFD8 /* User.swift in Sources */ = {isa = PBXBuildFile; fileRef = 296C078929286FCF00B5FFD8 /* User.swift */; };
		296C078E2928733100B5FFD8 /* DiscoverViewModel.swift in Sources */ = {isa = PBXBuildFile; fileRef = 296C078D2928733100B5FFD8 /* DiscoverViewModel.swift */; };
		296C07902929856F00B5FFD8 /* FirebaseFirestoreSwift in Frameworks */ = {isa = PBXBuildFile; productRef = 296C078F2929856F00B5FFD8 /* FirebaseFirestoreSwift */; };
		5F41F3302A9EF52BFFE6339D /* Pods_DiscoverMeowApp.framework in Frameworks */ = {isa = PBXBuildFile; fileRef = AB485422CFC9D71A7BEA72C3 /* Pods_DiscoverMeowApp.framework */; };
		CAC21F0521E4FC6E00A9BC35 /* AppDelegate.swift in Sources */ = {isa = PBXBuildFile; fileRef = CAC21F0421E4FC6E00A9BC35 /* AppDelegate.swift */; };
		CAC21F0A21E4FC6E00A9BC35 /* Main.storyboard in Resources */ = {isa = PBXBuildFile; fileRef = CAC21F0821E4FC6E00A9BC35 /* Main.storyboard */; };
		CAC21F0C21E4FC7200A9BC35 /* Assets.xcassets in Resources */ = {isa = PBXBuildFile; fileRef = CAC21F0B21E4FC7200A9BC35 /* Assets.xcassets */; };
		CAC21F0F21E4FC7200A9BC35 /* LaunchScreen.storyboard in Resources */ = {isa = PBXBuildFile; fileRef = CAC21F0D21E4FC7200A9BC35 /* LaunchScreen.storyboard */; };
		CAC21F3421E64C3000A9BC35 /* InitialViewController.swift in Sources */ = {isa = PBXBuildFile; fileRef = CAC21F3321E64C3000A9BC35 /* InitialViewController.swift */; };
/* End PBXBuildFile section */

/* Begin PBXFileReference section */
		291A53B629271A6A009FFD7D /* DiscoverView.swift */ = {isa = PBXFileReference; lastKnownFileType = sourcecode.swift; path = DiscoverView.swift; sourceTree = "<group>"; };
		291A53BB29271B69009FFD7D /* OnboardingViewModel.swift */ = {isa = PBXFileReference; fileEncoding = 4; lastKnownFileType = sourcecode.swift; path = OnboardingViewModel.swift; sourceTree = "<group>"; };
		291A53BC29271B69009FFD7D /* Page.swift */ = {isa = PBXFileReference; fileEncoding = 4; lastKnownFileType = sourcecode.swift; path = Page.swift; sourceTree = "<group>"; };
		291A53BD29271B69009FFD7D /* PageView.swift */ = {isa = PBXFileReference; fileEncoding = 4; lastKnownFileType = sourcecode.swift; path = PageView.swift; sourceTree = "<group>"; };
		291A53BE29271B69009FFD7D /* DummyData.swift */ = {isa = PBXFileReference; fileEncoding = 4; lastKnownFileType = sourcecode.swift; path = DummyData.swift; sourceTree = "<group>"; };
		291A53BF29271B69009FFD7D /* OnboardingArrowView.swift */ = {isa = PBXFileReference; fileEncoding = 4; lastKnownFileType = sourcecode.swift; path = OnboardingArrowView.swift; sourceTree = "<group>"; };
		291A53C029271B69009FFD7D /* MainOnboardingView.swift */ = {isa = PBXFileReference; fileEncoding = 4; lastKnownFileType = sourcecode.swift; path = MainOnboardingView.swift; sourceTree = "<group>"; };
		291A53C92927202D009FFD7D /* SnapchatDataFetcher.swift */ = {isa = PBXFileReference; lastKnownFileType = sourcecode.swift; path = SnapchatDataFetcher.swift; sourceTree = "<group>"; };
		296C077929284FFA00B5FFD8 /* GoogleService-Info.plist */ = {isa = PBXFileReference; fileEncoding = 4; lastKnownFileType = text.plist.xml; path = "GoogleService-Info.plist"; sourceTree = "<group>"; };
		296C07862928675000B5FFD8 /* DatabaseManager.swift */ = {isa = PBXFileReference; lastKnownFileType = sourcecode.swift; path = DatabaseManager.swift; sourceTree = "<group>"; };
		296C078929286FCF00B5FFD8 /* User.swift */ = {isa = PBXFileReference; lastKnownFileType = sourcecode.swift; path = User.swift; sourceTree = "<group>"; };
		296C078D2928733100B5FFD8 /* DiscoverViewModel.swift */ = {isa = PBXFileReference; lastKnownFileType = sourcecode.swift; path = DiscoverViewModel.swift; sourceTree = "<group>"; };
		49F7DD3CD9D1960B2FFC168D /* Pods-LoginKitSample.debug.xcconfig */ = {isa = PBXFileReference; includeInIndex = 1; lastKnownFileType = text.xcconfig; name = "Pods-LoginKitSample.debug.xcconfig"; path = "Pods/Target Support Files/Pods-LoginKitSample/Pods-LoginKitSample.debug.xcconfig"; sourceTree = "<group>"; };
		65B664A9D735E4A62DA2BBD3 /* Pods-DiscoverMeowApp.debug.xcconfig */ = {isa = PBXFileReference; includeInIndex = 1; lastKnownFileType = text.xcconfig; name = "Pods-DiscoverMeowApp.debug.xcconfig"; path = "Pods/Target Support Files/Pods-DiscoverMeowApp/Pods-DiscoverMeowApp.debug.xcconfig"; sourceTree = "<group>"; };
		AB485422CFC9D71A7BEA72C3 /* Pods_DiscoverMeowApp.framework */ = {isa = PBXFileReference; explicitFileType = wrapper.framework; includeInIndex = 0; path = Pods_DiscoverMeowApp.framework; sourceTree = BUILT_PRODUCTS_DIR; };
		CAC21F0121E4FC6E00A9BC35 /* DiscoverMeowApp.app */ = {isa = PBXFileReference; explicitFileType = wrapper.application; includeInIndex = 0; path = DiscoverMeowApp.app; sourceTree = BUILT_PRODUCTS_DIR; };
		CAC21F0421E4FC6E00A9BC35 /* AppDelegate.swift */ = {isa = PBXFileReference; indentWidth = 4; lastKnownFileType = sourcecode.swift; path = AppDelegate.swift; sourceTree = "<group>"; tabWidth = 4; };
		CAC21F0921E4FC6E00A9BC35 /* Base */ = {isa = PBXFileReference; lastKnownFileType = file.storyboard; name = Base; path = Base.lproj/Main.storyboard; sourceTree = "<group>"; };
		CAC21F0B21E4FC7200A9BC35 /* Assets.xcassets */ = {isa = PBXFileReference; lastKnownFileType = folder.assetcatalog; path = Assets.xcassets; sourceTree = "<group>"; };
		CAC21F0E21E4FC7200A9BC35 /* Base */ = {isa = PBXFileReference; lastKnownFileType = file.storyboard; name = Base; path = Base.lproj/LaunchScreen.storyboard; sourceTree = "<group>"; };
		CAC21F1021E4FC7200A9BC35 /* Info.plist */ = {isa = PBXFileReference; lastKnownFileType = text.plist.xml; path = Info.plist; sourceTree = "<group>"; };
		CAC21F3321E64C3000A9BC35 /* InitialViewController.swift */ = {isa = PBXFileReference; indentWidth = 4; lastKnownFileType = sourcecode.swift; path = InitialViewController.swift; sourceTree = "<group>"; tabWidth = 4; };
		EDACDB5B445E212F553598F2 /* Pods-DiscoverMeowApp.release.xcconfig */ = {isa = PBXFileReference; includeInIndex = 1; lastKnownFileType = text.xcconfig; name = "Pods-DiscoverMeowApp.release.xcconfig"; path = "Pods/Target Support Files/Pods-DiscoverMeowApp/Pods-DiscoverMeowApp.release.xcconfig"; sourceTree = "<group>"; };
		F2EF7F8B80FEE631889E87A9 /* Pods-LoginKitSample.release.xcconfig */ = {isa = PBXFileReference; includeInIndex = 1; lastKnownFileType = text.xcconfig; name = "Pods-LoginKitSample.release.xcconfig"; path = "Pods/Target Support Files/Pods-LoginKitSample/Pods-LoginKitSample.release.xcconfig"; sourceTree = "<group>"; };
/* End PBXFileReference section */

/* Begin PBXFrameworksBuildPhase section */
		CAC21EFE21E4FC6E00A9BC35 /* Frameworks */ = {
			isa = PBXFrameworksBuildPhase;
			buildActionMask = 2147483647;
			files = (
				296C0783292852A700B5FFD8 /* FirebaseDatabase in Frameworks */,
				296C077D292852A700B5FFD8 /* FirebaseAnalytics in Frameworks */,
				296C0781292852A700B5FFD8 /* FirebaseCrashlytics in Frameworks */,
				296C07902929856F00B5FFD8 /* FirebaseFirestoreSwift in Frameworks */,
				296C077F292852A700B5FFD8 /* FirebaseAuth in Frameworks */,
				5F41F3302A9EF52BFFE6339D /* Pods_DiscoverMeowApp.framework in Frameworks */,
				296C0785292852A700B5FFD8 /* FirebaseFirestore in Frameworks */,
			);
			runOnlyForDeploymentPostprocessing = 0;
		};
/* End PBXFrameworksBuildPhase section */

/* Begin PBXGroup section */
		11FD678D7BD6A28DFC3E98B1 /* Frameworks */ = {
			isa = PBXGroup;
			children = (
				AB485422CFC9D71A7BEA72C3 /* Pods_DiscoverMeowApp.framework */,
			);
			name = Frameworks;
			sourceTree = "<group>";
		};
		291A53B829271A78009FFD7D /* Onboarding */ = {
			isa = PBXGroup;
			children = (
				291A53C029271B69009FFD7D /* MainOnboardingView.swift */,
				291A53BE29271B69009FFD7D /* DummyData.swift */,
				291A53BF29271B69009FFD7D /* OnboardingArrowView.swift */,
				291A53BB29271B69009FFD7D /* OnboardingViewModel.swift */,
				291A53BC29271B69009FFD7D /* Page.swift */,
				291A53BD29271B69009FFD7D /* PageView.swift */,
			);
			path = Onboarding;
			sourceTree = "<group>";
		};
		291A53B929271A81009FFD7D /* Discover Views */ = {
			isa = PBXGroup;
			children = (
				291A53B629271A6A009FFD7D /* DiscoverView.swift */,
				296C078D2928733100B5FFD8 /* DiscoverViewModel.swift */,
			);
			path = "Discover Views";
			sourceTree = "<group>";
		};
		296C078829286FCA00B5FFD8 /* Models */ = {
			isa = PBXGroup;
			children = (
				296C078929286FCF00B5FFD8 /* User.swift */,
			);
			path = Models;
			sourceTree = "<group>";
		};
		75F64916BC9DBAC93F3DD33F /* Pods */ = {
			isa = PBXGroup;
			children = (
				49F7DD3CD9D1960B2FFC168D /* Pods-LoginKitSample.debug.xcconfig */,
				F2EF7F8B80FEE631889E87A9 /* Pods-LoginKitSample.release.xcconfig */,
				65B664A9D735E4A62DA2BBD3 /* Pods-DiscoverMeowApp.debug.xcconfig */,
				EDACDB5B445E212F553598F2 /* Pods-DiscoverMeowApp.release.xcconfig */,
			);
			name = Pods;
			sourceTree = "<group>";
		};
		CAC21EF821E4FC6E00A9BC35 = {
			isa = PBXGroup;
			children = (
				CAC21F0321E4FC6E00A9BC35 /* LoginKitSample */,
				CAC21F0221E4FC6E00A9BC35 /* Products */,
				75F64916BC9DBAC93F3DD33F /* Pods */,
				11FD678D7BD6A28DFC3E98B1 /* Frameworks */,
			);
			indentWidth = 4;
			sourceTree = "<group>";
			tabWidth = 4;
		};
		CAC21F0221E4FC6E00A9BC35 /* Products */ = {
			isa = PBXGroup;
			children = (
				CAC21F0121E4FC6E00A9BC35 /* DiscoverMeowApp.app */,
			);
			name = Products;
			sourceTree = "<group>";
		};
		CAC21F0321E4FC6E00A9BC35 /* LoginKitSample */ = {
			isa = PBXGroup;
			children = (
				CAC21F0421E4FC6E00A9BC35 /* AppDelegate.swift */,
				CAC21F3321E64C3000A9BC35 /* InitialViewController.swift */,
				291A53C92927202D009FFD7D /* SnapchatDataFetcher.swift */,
				296C07862928675000B5FFD8 /* DatabaseManager.swift */,
				296C078829286FCA00B5FFD8 /* Models */,
				291A53B829271A78009FFD7D /* Onboarding */,
				291A53B929271A81009FFD7D /* Discover Views */,
				CAC21F0821E4FC6E00A9BC35 /* Main.storyboard */,
				CAC21F0B21E4FC7200A9BC35 /* Assets.xcassets */,
				CAC21F0D21E4FC7200A9BC35 /* LaunchScreen.storyboard */,
				CAC21F1021E4FC7200A9BC35 /* Info.plist */,
				296C077929284FFA00B5FFD8 /* GoogleService-Info.plist */,
			);
			path = LoginKitSample;
			sourceTree = "<group>";
		};
/* End PBXGroup section */

/* Begin PBXNativeTarget section */
		CAC21F0021E4FC6E00A9BC35 /* DiscoverMeowApp */ = {
			isa = PBXNativeTarget;
			buildConfigurationList = CAC21F2921E4FC7200A9BC35 /* Build configuration list for PBXNativeTarget "DiscoverMeowApp" */;
			buildPhases = (
				33FE6426EF0C670D18B0B2F1 /* [CP] Check Pods Manifest.lock */,
				CAC21EFD21E4FC6E00A9BC35 /* Sources */,
				CAC21EFE21E4FC6E00A9BC35 /* Frameworks */,
				CAC21EFF21E4FC6E00A9BC35 /* Resources */,
				4DA4B2887819EAA4F69D1F52 /* [CP] Embed Pods Frameworks */,
			);
			buildRules = (
			);
			dependencies = (
			);
			name = DiscoverMeowApp;
			packageProductDependencies = (
				296C077C292852A700B5FFD8 /* FirebaseAnalytics */,
				296C077E292852A700B5FFD8 /* FirebaseAuth */,
				296C0780292852A700B5FFD8 /* FirebaseCrashlytics */,
				296C0782292852A700B5FFD8 /* FirebaseDatabase */,
				296C0784292852A700B5FFD8 /* FirebaseFirestore */,
				296C078F2929856F00B5FFD8 /* FirebaseFirestoreSwift */,
			);
			productName = LoginKitSample;
			productReference = CAC21F0121E4FC6E00A9BC35 /* DiscoverMeowApp.app */;
			productType = "com.apple.product-type.application";
		};
/* End PBXNativeTarget section */

/* Begin PBXProject section */
		CAC21EF921E4FC6E00A9BC35 /* Project object */ = {
			isa = PBXProject;
			attributes = {
				LastSwiftUpdateCheck = 1010;
				LastUpgradeCheck = 1010;
				ORGANIZATIONNAME = Alek;
				TargetAttributes = {
					CAC21F0021E4FC6E00A9BC35 = {
						CreatedOnToolsVersion = 10.1;
					};
				};
			};
			buildConfigurationList = CAC21EFC21E4FC6E00A9BC35 /* Build configuration list for PBXProject "DiscoverMeowApp" */;
			compatibilityVersion = "Xcode 14.0";
			developmentRegion = en;
			hasScannedForEncodings = 0;
			knownRegions = (
				en,
				Base,
			);
			mainGroup = CAC21EF821E4FC6E00A9BC35;
			packageReferences = (
				296C077B292852A700B5FFD8 /* XCRemoteSwiftPackageReference "firebase-ios-sdk" */,
			);
			productRefGroup = CAC21F0221E4FC6E00A9BC35 /* Products */;
			projectDirPath = "";
			projectRoot = "";
			targets = (
				CAC21F0021E4FC6E00A9BC35 /* DiscoverMeowApp */,
			);
		};
/* End PBXProject section */

/* Begin PBXResourcesBuildPhase section */
		CAC21EFF21E4FC6E00A9BC35 /* Resources */ = {
			isa = PBXResourcesBuildPhase;
			buildActionMask = 2147483647;
			files = (
				CAC21F0F21E4FC7200A9BC35 /* LaunchScreen.storyboard in Resources */,
				CAC21F0C21E4FC7200A9BC35 /* Assets.xcassets in Resources */,
				CAC21F0A21E4FC6E00A9BC35 /* Main.storyboard in Resources */,
				296C077A29284FFA00B5FFD8 /* GoogleService-Info.plist in Resources */,
			);
			runOnlyForDeploymentPostprocessing = 0;
		};
/* End PBXResourcesBuildPhase section */

/* Begin PBXShellScriptBuildPhase section */
		33FE6426EF0C670D18B0B2F1 /* [CP] Check Pods Manifest.lock */ = {
			isa = PBXShellScriptBuildPhase;
			buildActionMask = 2147483647;
			files = (
			);
			inputFileListPaths = (
			);
			inputPaths = (
				"${PODS_PODFILE_DIR_PATH}/Podfile.lock",
				"${PODS_ROOT}/Manifest.lock",
			);
			name = "[CP] Check Pods Manifest.lock";
			outputFileListPaths = (
			);
			outputPaths = (
				"$(DERIVED_FILE_DIR)/Pods-DiscoverMeowApp-checkManifestLockResult.txt",
			);
			runOnlyForDeploymentPostprocessing = 0;
			shellPath = /bin/sh;
			shellScript = "diff \"${PODS_PODFILE_DIR_PATH}/Podfile.lock\" \"${PODS_ROOT}/Manifest.lock\" > /dev/null\nif [ $? != 0 ] ; then\n    # print error to STDERR\n    echo \"error: The sandbox is not in sync with the Podfile.lock. Run 'pod install' or update your CocoaPods installation.\" >&2\n    exit 1\nfi\n# This output is used by Xcode 'outputs' to avoid re-running this script phase.\necho \"SUCCESS\" > \"${SCRIPT_OUTPUT_FILE_0}\"\n";
			showEnvVarsInLog = 0;
		};
		4DA4B2887819EAA4F69D1F52 /* [CP] Embed Pods Frameworks */ = {
			isa = PBXShellScriptBuildPhase;
			buildActionMask = 2147483647;
			files = (
			);
			inputFileListPaths = (
				"${PODS_ROOT}/Target Support Files/Pods-DiscoverMeowApp/Pods-DiscoverMeowApp-frameworks-${CONFIGURATION}-input-files.xcfilelist",
			);
			name = "[CP] Embed Pods Frameworks";
			outputFileListPaths = (
				"${PODS_ROOT}/Target Support Files/Pods-DiscoverMeowApp/Pods-DiscoverMeowApp-frameworks-${CONFIGURATION}-output-files.xcfilelist",
			);
			runOnlyForDeploymentPostprocessing = 0;
			shellPath = /bin/sh;
			shellScript = "\"${PODS_ROOT}/Target Support Files/Pods-DiscoverMeowApp/Pods-DiscoverMeowApp-frameworks.sh\"\n";
			showEnvVarsInLog = 0;
		};
/* End PBXShellScriptBuildPhase section */

/* Begin PBXSourcesBuildPhase section */
		CAC21EFD21E4FC6E00A9BC35 /* Sources */ = {
			isa = PBXSourcesBuildPhase;
			buildActionMask = 2147483647;
			files = (
				CAC21F3421E64C3000A9BC35 /* InitialViewController.swift in Sources */,
				296C07872928675000B5FFD8 /* DatabaseManager.swift in Sources */,
				291A53C329271B69009FFD7D /* PageView.swift in Sources */,
				CAC21F0521E4FC6E00A9BC35 /* AppDelegate.swift in Sources */,
				291A53C429271B69009FFD7D /* DummyData.swift in Sources */,
				291A53B729271A6A009FFD7D /* DiscoverView.swift in Sources */,
				291A53C629271B69009FFD7D /* MainOnboardingView.swift in Sources */,
				291A53C529271B69009FFD7D /* OnboardingArrowView.swift in Sources */,
				296C078A29286FCF00B5FFD8 /* User.swift in Sources */,
				291A53C129271B69009FFD7D /* OnboardingViewModel.swift in Sources */,
				291A53C229271B69009FFD7D /* Page.swift in Sources */,
				291A53CA2927202D009FFD7D /* SnapchatDataFetcher.swift in Sources */,
				296C078E2928733100B5FFD8 /* DiscoverViewModel.swift in Sources */,
			);
			runOnlyForDeploymentPostprocessing = 0;
		};
/* End PBXSourcesBuildPhase section */

/* Begin PBXVariantGroup section */
		CAC21F0821E4FC6E00A9BC35 /* Main.storyboard */ = {
			isa = PBXVariantGroup;
			children = (
				CAC21F0921E4FC6E00A9BC35 /* Base */,
			);
			name = Main.storyboard;
			sourceTree = "<group>";
		};
		CAC21F0D21E4FC7200A9BC35 /* LaunchScreen.storyboard */ = {
			isa = PBXVariantGroup;
			children = (
				CAC21F0E21E4FC7200A9BC35 /* Base */,
			);
			name = LaunchScreen.storyboard;
			sourceTree = "<group>";
		};
/* End PBXVariantGroup section */

/* Begin XCBuildConfiguration section */
		CAC21F2721E4FC7200A9BC35 /* Debug */ = {
			isa = XCBuildConfiguration;
			buildSettings = {
				ALWAYS_SEARCH_USER_PATHS = NO;
				CLANG_ANALYZER_NONNULL = YES;
				CLANG_ANALYZER_NUMBER_OBJECT_CONVERSION = YES_AGGRESSIVE;
				CLANG_CXX_LANGUAGE_STANDARD = "gnu++14";
				CLANG_CXX_LIBRARY = "libc++";
				CLANG_ENABLE_MODULES = YES;
				CLANG_ENABLE_OBJC_ARC = YES;
				CLANG_ENABLE_OBJC_WEAK = YES;
				CLANG_WARN_BLOCK_CAPTURE_AUTORELEASING = YES;
				CLANG_WARN_BOOL_CONVERSION = YES;
				CLANG_WARN_COMMA = YES;
				CLANG_WARN_CONSTANT_CONVERSION = YES;
				CLANG_WARN_DEPRECATED_OBJC_IMPLEMENTATIONS = YES;
				CLANG_WARN_DIRECT_OBJC_ISA_USAGE = YES_ERROR;
				CLANG_WARN_DOCUMENTATION_COMMENTS = YES;
				CLANG_WARN_EMPTY_BODY = YES;
				CLANG_WARN_ENUM_CONVERSION = YES;
				CLANG_WARN_INFINITE_RECURSION = YES;
				CLANG_WARN_INT_CONVERSION = YES;
				CLANG_WARN_NON_LITERAL_NULL_CONVERSION = YES;
				CLANG_WARN_OBJC_IMPLICIT_RETAIN_SELF = YES;
				CLANG_WARN_OBJC_LITERAL_CONVERSION = YES;
				CLANG_WARN_OBJC_ROOT_CLASS = YES_ERROR;
				CLANG_WARN_RANGE_LOOP_ANALYSIS = YES;
				CLANG_WARN_STRICT_PROTOTYPES = YES;
				CLANG_WARN_SUSPICIOUS_MOVE = YES;
				CLANG_WARN_UNGUARDED_AVAILABILITY = YES_AGGRESSIVE;
				CLANG_WARN_UNREACHABLE_CODE = YES;
				CLANG_WARN__DUPLICATE_METHOD_MATCH = YES;
				CODE_SIGN_IDENTITY = "iPhone Developer";
				COPY_PHASE_STRIP = NO;
				DEBUG_INFORMATION_FORMAT = dwarf;
				ENABLE_STRICT_OBJC_MSGSEND = YES;
				ENABLE_TESTABILITY = YES;
				GCC_C_LANGUAGE_STANDARD = gnu11;
				GCC_DYNAMIC_NO_PIC = NO;
				GCC_NO_COMMON_BLOCKS = YES;
				GCC_OPTIMIZATION_LEVEL = 0;
				GCC_PREPROCESSOR_DEFINITIONS = (
					"DEBUG=1",
					"$(inherited)",
				);
				GCC_WARN_64_TO_32_BIT_CONVERSION = YES;
				GCC_WARN_ABOUT_RETURN_TYPE = YES_ERROR;
				GCC_WARN_UNDECLARED_SELECTOR = YES;
				GCC_WARN_UNINITIALIZED_AUTOS = YES_AGGRESSIVE;
				GCC_WARN_UNUSED_FUNCTION = YES;
				GCC_WARN_UNUSED_VARIABLE = YES;
				IPHONEOS_DEPLOYMENT_TARGET = 15.0;
				MTL_ENABLE_DEBUG_INFO = INCLUDE_SOURCE;
				MTL_FAST_MATH = YES;
				ONLY_ACTIVE_ARCH = YES;
				SDKROOT = iphoneos;
				SWIFT_ACTIVE_COMPILATION_CONDITIONS = DEBUG;
				SWIFT_OPTIMIZATION_LEVEL = "-Onone";
			};
			name = Debug;
		};
		CAC21F2821E4FC7200A9BC35 /* Release */ = {
			isa = XCBuildConfiguration;
			buildSettings = {
				ALWAYS_SEARCH_USER_PATHS = NO;
				CLANG_ANALYZER_NONNULL = YES;
				CLANG_ANALYZER_NUMBER_OBJECT_CONVERSION = YES_AGGRESSIVE;
				CLANG_CXX_LANGUAGE_STANDARD = "gnu++14";
				CLANG_CXX_LIBRARY = "libc++";
				CLANG_ENABLE_MODULES = YES;
				CLANG_ENABLE_OBJC_ARC = YES;
				CLANG_ENABLE_OBJC_WEAK = YES;
				CLANG_WARN_BLOCK_CAPTURE_AUTORELEASING = YES;
				CLANG_WARN_BOOL_CONVERSION = YES;
				CLANG_WARN_COMMA = YES;
				CLANG_WARN_CONSTANT_CONVERSION = YES;
				CLANG_WARN_DEPRECATED_OBJC_IMPLEMENTATIONS = YES;
				CLANG_WARN_DIRECT_OBJC_ISA_USAGE = YES_ERROR;
				CLANG_WARN_DOCUMENTATION_COMMENTS = YES;
				CLANG_WARN_EMPTY_BODY = YES;
				CLANG_WARN_ENUM_CONVERSION = YES;
				CLANG_WARN_INFINITE_RECURSION = YES;
				CLANG_WARN_INT_CONVERSION = YES;
				CLANG_WARN_NON_LITERAL_NULL_CONVERSION = YES;
				CLANG_WARN_OBJC_IMPLICIT_RETAIN_SELF = YES;
				CLANG_WARN_OBJC_LITERAL_CONVERSION = YES;
				CLANG_WARN_OBJC_ROOT_CLASS = YES_ERROR;
				CLANG_WARN_RANGE_LOOP_ANALYSIS = YES;
				CLANG_WARN_STRICT_PROTOTYPES = YES;
				CLANG_WARN_SUSPICIOUS_MOVE = YES;
				CLANG_WARN_UNGUARDED_AVAILABILITY = YES_AGGRESSIVE;
				CLANG_WARN_UNREACHABLE_CODE = YES;
				CLANG_WARN__DUPLICATE_METHOD_MATCH = YES;
				CODE_SIGN_IDENTITY = "iPhone Developer";
				COPY_PHASE_STRIP = NO;
				DEBUG_INFORMATION_FORMAT = "dwarf-with-dsym";
				ENABLE_NS_ASSERTIONS = NO;
				ENABLE_STRICT_OBJC_MSGSEND = YES;
				GCC_C_LANGUAGE_STANDARD = gnu11;
				GCC_NO_COMMON_BLOCKS = YES;
				GCC_WARN_64_TO_32_BIT_CONVERSION = YES;
				GCC_WARN_ABOUT_RETURN_TYPE = YES_ERROR;
				GCC_WARN_UNDECLARED_SELECTOR = YES;
				GCC_WARN_UNINITIALIZED_AUTOS = YES_AGGRESSIVE;
				GCC_WARN_UNUSED_FUNCTION = YES;
				GCC_WARN_UNUSED_VARIABLE = YES;
				IPHONEOS_DEPLOYMENT_TARGET = 15.0;
				MTL_ENABLE_DEBUG_INFO = NO;
				MTL_FAST_MATH = YES;
				SDKROOT = iphoneos;
				SWIFT_COMPILATION_MODE = wholemodule;
				SWIFT_OPTIMIZATION_LEVEL = "-O";
				VALIDATE_PRODUCT = YES;
			};
			name = Release;
		};
		CAC21F2A21E4FC7200A9BC35 /* Debug */ = {
			isa = XCBuildConfiguration;
			baseConfigurationReference = 65B664A9D735E4A62DA2BBD3 /* Pods-DiscoverMeowApp.debug.xcconfig */;
			buildSettings = {
				ASSETCATALOG_COMPILER_APPICON_NAME = AppIcon;
				CODE_SIGN_IDENTITY = "iPhone Developer";
				CODE_SIGN_STYLE = Automatic;
				DEVELOPMENT_TEAM = 7W5ZSCHZ2W;
				INFOPLIST_FILE = LoginKitSample/Info.plist;
				IPHONEOS_DEPLOYMENT_TARGET = 16.0;
				LD_RUNPATH_SEARCH_PATHS = (
					"$(inherited)",
					"@executable_path/Frameworks",
				);
				PRODUCT_BUNDLE_IDENTIFIER = alek.loginwithsnap;
				PRODUCT_NAME = "$(TARGET_NAME)";
				PROVISIONING_PROFILE_SPECIFIER = "";
				SWIFT_VERSION = 4.2;
				TARGETED_DEVICE_FAMILY = "1,2";
			};
			name = Debug;
		};
		CAC21F2B21E4FC7200A9BC35 /* Release */ = {
			isa = XCBuildConfiguration;
			baseConfigurationReference = EDACDB5B445E212F553598F2 /* Pods-DiscoverMeowApp.release.xcconfig */;
			buildSettings = {
				ASSETCATALOG_COMPILER_APPICON_NAME = AppIcon;
				CODE_SIGN_IDENTITY = "iPhone Developer";
				CODE_SIGN_STYLE = Automatic;
				DEVELOPMENT_TEAM = 7W5ZSCHZ2W;
				INFOPLIST_FILE = LoginKitSample/Info.plist;
				IPHONEOS_DEPLOYMENT_TARGET = 16.0;
				LD_RUNPATH_SEARCH_PATHS = (
					"$(inherited)",
					"@executable_path/Frameworks",
				);
				PRODUCT_BUNDLE_IDENTIFIER = alek.loginwithsnap;
				PRODUCT_NAME = "$(TARGET_NAME)";
				PROVISIONING_PROFILE_SPECIFIER = "";
				SWIFT_VERSION = 4.2;
				TARGETED_DEVICE_FAMILY = "1,2";
			};
			name = Release;
		};
/* End XCBuildConfiguration section */

/* Begin XCConfigurationList section */
		CAC21EFC21E4FC6E00A9BC35 /* Build configuration list for PBXProject "DiscoverMeowApp" */ = {
			isa = XCConfigurationList;
			buildConfigurations = (
				CAC21F2721E4FC7200A9BC35 /* Debug */,
				CAC21F2821E4FC7200A9BC35 /* Release */,
			);
			defaultConfigurationIsVisible = 0;
			defaultConfigurationName = Release;
		};
		CAC21F2921E4FC7200A9BC35 /* Build configuration list for PBXNativeTarget "DiscoverMeowApp" */ = {
			isa = XCConfigurationList;
			buildConfigurations = (
				CAC21F2A21E4FC7200A9BC35 /* Debug */,
				CAC21F2B21E4FC7200A9BC35 /* Release */,
			);
			defaultConfigurationIsVisible = 0;
			defaultConfigurationName = Release;
		};
/* End XCConfigurationList section */

/* Begin XCRemoteSwiftPackageReference section */
		296C077B292852A700B5FFD8 /* XCRemoteSwiftPackageReference "firebase-ios-sdk" */ = {
			isa = XCRemoteSwiftPackageReference;
			repositoryURL = "https://github.com/firebase/firebase-ios-sdk";
			requirement = {
				kind = upToNextMajorVersion;
				minimumVersion = 9.0.0;
			};
		};
/* End XCRemoteSwiftPackageReference section */

/* Begin XCSwiftPackageProductDependency section */
		296C077C292852A700B5FFD8 /* FirebaseAnalytics */ = {
			isa = XCSwiftPackageProductDependency;
			package = 296C077B292852A700B5FFD8 /* XCRemoteSwiftPackageReference "firebase-ios-sdk" */;
			productName = FirebaseAnalytics;
		};
		296C077E292852A700B5FFD8 /* FirebaseAuth */ = {
			isa = XCSwiftPackageProductDependency;
			package = 296C077B292852A700B5FFD8 /* XCRemoteSwiftPackageReference "firebase-ios-sdk" */;
			productName = FirebaseAuth;
		};
		296C0780292852A700B5FFD8 /* FirebaseCrashlytics */ = {
			isa = XCSwiftPackageProductDependency;
			package = 296C077B292852A700B5FFD8 /* XCRemoteSwiftPackageReference "firebase-ios-sdk" */;
			productName = FirebaseCrashlytics;
		};
		296C0782292852A700B5FFD8 /* FirebaseDatabase */ = {
			isa = XCSwiftPackageProductDependency;
			package = 296C077B292852A700B5FFD8 /* XCRemoteSwiftPackageReference "firebase-ios-sdk" */;
			productName = FirebaseDatabase;
		};
		296C0784292852A700B5FFD8 /* FirebaseFirestore */ = {
			isa = XCSwiftPackageProductDependency;
			package = 296C077B292852A700B5FFD8 /* XCRemoteSwiftPackageReference "firebase-ios-sdk" */;
			productName = FirebaseFirestore;
		};
		296C078F2929856F00B5FFD8 /* FirebaseFirestoreSwift */ = {
			isa = XCSwiftPackageProductDependency;
			package = 296C077B292852A700B5FFD8 /* XCRemoteSwiftPackageReference "firebase-ios-sdk" */;
			productName = FirebaseFirestoreSwift;
		};
/* End XCSwiftPackageProductDependency section */
	};
	rootObject = CAC21EF921E4FC6E00A9BC35 /* Project object */;
}
